{
  "version": 4,
  "terraform_version": "0.12.13",
  "serial": 23,
  "lineage": "6fae7f07-6437-1e15-6b36-ec32aeab51cc",
  "outputs": {},
  "resources": [
    {
      "mode": "data",
      "type": "google_client_config",
      "name": "default",
      "provider": "provider.google",
      "instances": [
        {
          "schema_version": 0,
          "attributes": {
            "access_token": "ya29.c.KpYBxwcxDPa7truTzA3yaxZVxnbc9un4W28olufAmj9HuLv7dW60bWDDcf_3mYYNRbaHI_3aLcVxY5lcRlkdOj1IGWK2e9Ulas2su6XF7hnSuViOhHtxYMMCgPO_sU47gX1TA4yFdqMa5Ql-MTpzS3bF94wJkbRi89TmP0iIZT6VCsnc3fdpFekYB-kSvY2j1ufc2OROOtnP",
            "id": "2020-04-23 17:27:42.922455 +0000 UTC",
            "project": "gcp-gcs-pso",
            "region": "us-central1",
            "zone": ""
          }
        }
      ]
    },
    {
      "mode": "managed",
      "type": "google_container_cluster",
      "name": "primary",
      "provider": "provider.google",
      "instances": [
        {
          "schema_version": 1,
          "attributes": {
            "additional_zones": [],
            "addons_config": [
              {
                "horizontal_pod_autoscaling": [],
                "http_load_balancing": [],
                "kubernetes_dashboard": [],
                "network_policy_config": [
                  {
                    "disabled": true
                  }
                ]
              }
            ],
            "authenticator_groups_config": [],
            "cluster_autoscaling": [
              {
                "auto_provisioning_defaults": [],
                "enabled": false,
                "resource_limits": []
              }
            ],
            "cluster_ipv4_cidr": "10.28.0.0/14",
            "default_max_pods_per_node": 110,
            "description": "",
            "enable_binary_authorization": false,
            "enable_intranode_visibility": null,
            "enable_kubernetes_alpha": false,
            "enable_legacy_abac": false,
            "enable_tpu": null,
            "endpoint": "34.70.40.15",
            "id": "projects/gcp-gcs-pso/locations/us-central1/clusters/tl-nam-student1",
            "initial_node_count": 2,
            "instance_group_urls": [
              "https://www.googleapis.com/compute/v1/projects/gcp-gcs-pso/zones/us-central1-c/instanceGroups/gke-tl-nam-student1-default-pool-64c831d8-grp",
              "https://www.googleapis.com/compute/v1/projects/gcp-gcs-pso/zones/us-central1-a/instanceGroups/gke-tl-nam-student1-default-pool-1dfe4386-grp",
              "https://www.googleapis.com/compute/v1/projects/gcp-gcs-pso/zones/us-central1-f/instanceGroups/gke-tl-nam-student1-default-pool-957dd04a-grp"
            ],
            "ip_allocation_policy": [],
            "label_fingerprint": "a9dc16a7",
            "location": "us-central1",
            "logging_service": "logging.googleapis.com/kubernetes",
            "maintenance_policy": [],
            "master_auth": [
              {
                "client_certificate": "LS0tLS1CRUdJTiBDRVJUSUZJQ0FURS0tLS0tCk1JSUMyekNDQWNPZ0F3SUJBZ0lSQU1qNkg2TFdRRHlROUdjZTVsOWorYTh3RFFZSktvWklodmNOQVFFTEJRQXcKTHpFdE1Dc0dBMVVFQXhNa1ptRTNaalZqTjJVdFl6WXpOUzAwTkRjMkxUaGpObU10TWprNU1XWmtObVkzWW1FNApNQjRYRFRJd01EUXlNekUzTWpjME4xb1hEVEkxTURReU1qRTNNamMwTjFvd0VURVBNQTBHQTFVRUF4TUdZMnhwClpXNTBNSUlCSWpBTkJna3Foa2lHOXcwQkFRRUZBQU9DQVE4QU1JSUJDZ0tDQVFFQW9kUFUzZ0VWbnQwMllXTTgKeXo2cDdTWGcwc3BDQkEzVktJR1JiZWg1K3NHMmF4RDhOWkxROTk3c1R2ejhaTGxsVFJuMlYvQ3ZHdWg0SEZjUAp1VGcySHdhbVRCK29hWVlNVzNBT2tjZ3JyeWQ2Ny9jSUtLS2VrVnc2Z0EzaGl5K210dEdUMDNNejBmWmpnek96CkJONnJQRzdOVit3Q0dxbkxmSEZhc2hLVER2YVZtdERsZTRvR094S0hSVGpDOSt2ak1tUCtLU3p0Zld1eVFzTmUKVnN6M1ZOOS9ieHZMNzJmcDVENFFEdTJROWhNTjFiUzNaWDdEelNQRXpmSFZHSWdQVkhxcXE2SU5LOVRjN25PNwpCSk1wMWxWYUxab0E2QUZGSGdjRlc1bWlDSGt1cThkSHpPMjFRZ2NiTVd2dVROOE4yWWRWR0dTL0ZrMXAzM3VXCjlzTTYvd0lEQVFBQm94QXdEakFNQmdOVkhSTUJBZjhFQWpBQU1BMEdDU3FHU0liM0RRRUJDd1VBQTRJQkFRQi8KZkxUMS9ZNFd5dzdQbFNwWXhJZUhZRWdDSXFqVXhJZnJjRlJUYVk2VHc1bWZVbDBZZkhNTUNweU95TkNWSVJXUgo5U1VkTDd6Z3BTUkN3NG8rSm90MFRiaXdsSVAzRnRweUYzcHlKclZWeEdUMFowRmptcDJlbUNqQnVQTWI3Rkk2CkxDbWRZU2c3QzN6R0Vmb1dYZnhHVU15dmtsdThZazZNVE55Q1NQQ0prYm9aMmFyUldzTWp1NEQwMXpZTnNCV0sKcFpVV3N4K2ZxYmZKY2srYmZ0SEgyVUZxNkZCRDJrV1BQN0QzcnNTVlo2MTBHdkZmZHdqczN0MDRuS3Q3RkZsMQovNEFsUXUvdFQzcU9Ld0ZXVXFlNDhObkczejBxY0xaRUNQOGN1R1ZIdUo5TzE2L2RST1JmZUU3bnRxMTV5Umo1CnlHTDI3OHpVM1NaVlRFbGdvSXA1Ci0tLS0tRU5EIENFUlRJRklDQVRFLS0tLS0K",
                "client_certificate_config": [
                  {
                    "issue_client_certificate": true
                  }
                ],
                "client_key": "LS0tLS1CRUdJTiBSU0EgUFJJVkFURSBLRVktLS0tLQpNSUlFb3dJQkFBS0NBUUVBb2RQVTNnRVZudDAyWVdNOHl6NnA3U1hnMHNwQ0JBM1ZLSUdSYmVoNStzRzJheEQ4Ck5aTFE5OTdzVHZ6OFpMbGxUUm4yVi9Ddkd1aDRIRmNQdVRnMkh3YW1UQitvYVlZTVczQU9rY2dycnlkNjcvY0kKS0tLZWtWdzZnQTNoaXkrbXR0R1QwM016MGZaamd6T3pCTjZyUEc3TlYrd0NHcW5MZkhGYXNoS1REdmFWbXREbAplNG9HT3hLSFJUakM5K3ZqTW1QK0tTenRmV3V5UXNOZVZzejNWTjkvYnh2TDcyZnA1RDRRRHUyUTloTU4xYlMzClpYN0R6U1BFemZIVkdJZ1BWSHFxcTZJTks5VGM3bk83QkpNcDFsVmFMWm9BNkFGRkhnY0ZXNW1pQ0hrdXE4ZEgKek8yMVFnY2JNV3Z1VE44TjJZZFZHR1MvRmsxcDMzdVc5c002L3dJREFRQUJBb0lCQUVEdnVjbGo4Z01QalZUQwo5NUF2RXd6Z1dEajloRVFRTU9yU0kwTlJPREZSTGh3RWN0QWttOG43SUNRS0RGVjJ0NW1hdzJsQ1lXR1F5ekhFCkZjRWpOMFIzN0o4N1ROOGJOVFl6M3dUTXFBcmU4c3Y3K3NBamtUR1BLc0piejVlRWhZZHl6YmpaejM5L09TdGEKd1lsQXVNSEZUSXp0WFdMSm82Zko3TFRzRXlxN1VBOVdReTBtaXVhTjdFWVFaOERUZ1RjZll2VmEveVdjanJrWgpNd2tzT1pvbDROclNPcytoZFNKVGZ6RC9kTlBNSk9vbndNanhaZGJmNTRZYnlhYUorQ1VPaUI2Zlpqa3dUaHpICmMyRk8rSVh5UzQ1VlVvZUx6VWtUMFRtb1grazNVRDhEY252Y0xSU1NaeGZJMk44N2RVQk1oOExzWnh2RTdsamIKdUY4bmNzRUNnWUVBM2lZR2JpNEhTckdmQmR6TGJHMi9RdVZuRmtvN3BVejVMdlFZYTd6RHk4Q3EyQXo1ZG9JQQpUbnVtTGZSWkcxRjh5KzBlNEprN21PUzVqQWJ5bjRwR3hxSEwrQS9CbU92RmZ2VEtIU0RDU0R6R3VzVUlwUFdNCjdHRWtxRXRDRDAzT0pCY0ZlU3JiZVVoS0U3UzY2YkFUUTAwMGIraTM3eCtOa2N3bUJsVzR0ZzhDZ1lFQXVueXgKTmFPV0tZdmxjMC8zbkJ4TUwyNlEvTVlGdlR0ZlZTRTZQVWdpNGFhZzZYNXBpVGQ0OTFNWDI5UjNGUkJNNUFaNwp3cnptUU03YXV1MjFVM29Dd3dnK0o0eUZNYVA0ZW1pOUJxVms5eCt4RVlmVHBLem9TLzhXanJJaWZDWWdRRHdpCjdKcFY1bUcvYUdJZDNSdlpQVnd5dTBzOTVXL0o3WTFUelA2U25CRUNnWUJYanZkRDRDS0JuMGJGZ2NRd0pZV1kKTVdFVFdRanZXMHB2NWtmbDF3MzVOaVJnYWFTOXYvbXM5WEdIZFdMVnNLV1dud3huakI0QVlrNTcwWlU1cXIvQQp0SzczUkFhVFpvSitTcStMRVlsaC9ZcDZ2UVJ1T0ZabUtOZlErWEM5SlhhVnBQbEVTODhibTVHTytOSWZINFpJCkpac0FiT0pxZnE1SEJBY013aWErb3dLQmdCTzZYekRTZG04OHVuQkJkR3RTWHdqaGhIc0pJOUJKK0tMVDJncGoKbURVUTRKTHk2WTAzamhkejllRXVqODV0cEFTM1h0NVNCM1d4ckZmOEQ2T2VFNjY0TDRNVmpYMmI0QXhyQ2h3cQo0UXgza003TzlLZkdGdWo3T2xLc0s1UEFvTWJLMWRMNzNMeDdlTGs5TC9XVkhaMHRKTHpGaisyMnJzRHZvMzdiCkszMVJBb0dCQUx5TmRadmZYNk5reFErMy94T0EvNFdIa21pWFpYSFgzbCtIdG41NnRMS0NENFAyalg3OVE0cmgKSkg4V3lmb3daUUZkRExCTjcvclQ3dDBPTnRLcXpBR1FZL294SXZEcllFKzFzM3JSLzR6dTI1Rk1yODZ5b1VzLwpFZHhUMnZEWUxQSlRTS2M4NUh3aWFBZXN5RXUwU2tKcVYrZkpVMFI0R3QzdVdhdkxxMzllCi0tLS0tRU5EIFJTQSBQUklWQVRFIEtFWS0tLS0tCg==",
                "cluster_ca_certificate": "LS0tLS1CRUdJTiBDRVJUSUZJQ0FURS0tLS0tCk1JSURERENDQWZTZ0F3SUJBZ0lSQVAwSTVWTElqTnkxSXdpQ2dqSFpvUjR3RFFZSktvWklodmNOQVFFTEJRQXcKTHpFdE1Dc0dBMVVFQXhNa1ptRTNaalZqTjJVdFl6WXpOUzAwTkRjMkxUaGpObU10TWprNU1XWmtObVkzWW1FNApNQjRYRFRJd01EUXlNekUyTWpjME5sb1hEVEkxTURReU1qRTNNamMwTmxvd0x6RXRNQ3NHQTFVRUF4TWtabUUzClpqVmpOMlV0WXpZek5TMDBORGMyTFRoak5tTXRNams1TVdaa05tWTNZbUU0TUlJQklqQU5CZ2txaGtpRzl3MEIKQVFFRkFBT0NBUThBTUlJQkNnS0NBUUVBeWo3ZXA2Z3VvRmlxZEtqTmU2RWtZYnVMcm14Q2FJMUZhMkkvRkttZApkMWt1QzFXM3kxU3YvOWFxSUJHZUJiMGZ4cUZ2d0tNUHdOYkF3ZGRNVkdXaThmNzhDYXlmSGl6TlBSaERnYzRnCnpXSDBaRTdHMHljZUtudVA2NC9RWU5UVTJXVWJDbWdBSzIvS1dEQ3lta2RMNHo2SXlBdnBKcGN1TUkyRDU2MjEKQlVKKytmdUxSQ0Nib3JScDZhcnNiSktJa295VVJTcVBya2dGVjZLVDJhQlVXc2ZiUG1LMkRwTWdDUU9YT2xiYwpqTWM4VTh5RFJGSjRVQ1YrL3UxdVBnbzhzRGxHSG5yeEtEMzYydlNIZzV5TTFJZ1V1UCtnY29JRHRaQVV4WC9RCkptUFQrUldEN2k1WGlzR0hLZ3E5ZW5McHc2VUQvNHZCLytaTnk0eit4QS9jelFJREFRQUJveU13SVRBT0JnTlYKSFE4QkFmOEVCQU1DQWdRd0R3WURWUjBUQVFIL0JBVXdBd0VCL3pBTkJna3Foa2lHOXcwQkFRc0ZBQU9DQVFFQQpwdG5CdXVpV1BXMmkrNXhVanFnOVU3ekpTY0tUQXZvcFFUTjVQMlFZb0hmcGlkdnZBTllIcHJUYjJGeE1IT0VWCjRjZUZvNnRGNzRrUThITm94NzNiaXcyOVU0YkVjYWtHdWJWM2RCcjRZOXJ0U1ZUamZzaTdSSlFTK2FGTC9aaVIKbVlTeVBQQkhsR01YS29VRW02NHI0NkRtZ3FaaEl6eTB4eWdEdlRhYkpxWGNKNVA2ZVU0S3N6bWdqTjcvR2FjaQpMOTQ3eEE3cDhOUmdzS285YUZmMThadEV6VWJLT3l0dG5zdHdiT1JNdndXTUJOQ3QyR1VlNFdPNlM5MkhYMnpOClFmSXVIYWRSSGd5dHYwZ2dmV0pqdjVYVnhudThqa0JTcW92NEJMYXpqSU5DOHBFUmlpOEw0VGdzWE0vODQwZFUKSVV0ME5wYnlYc0hwUWp4YWpCU2wwUT09Ci0tLS0tRU5EIENFUlRJRklDQVRFLS0tLS0K",
                "password": "",
                "username": ""
              }
            ],
            "master_authorized_networks_config": [],
            "master_version": "1.14.10-gke.27",
            "min_master_version": null,
            "monitoring_service": "monitoring.googleapis.com/kubernetes",
            "name": "tl-nam-student1",
            "network": "projects/gcp-gcs-pso/global/networks/default",
            "network_policy": [
              {
                "enabled": false,
                "provider": "PROVIDER_UNSPECIFIED"
              }
            ],
            "node_config": [
              {
                "disk_size_gb": 100,
                "disk_type": "pd-standard",
                "guest_accelerator": [],
                "image_type": "COS",
                "labels": {
                  "name": "tl-nam-student1"
                },
                "local_ssd_count": 0,
                "machine_type": "n1-standard-1",
                "metadata": {
                  "disable-legacy-endpoints": "true"
                },
                "min_cpu_platform": "",
                "oauth_scopes": [
                  "https://www.googleapis.com/auth/logging.write",
                  "https://www.googleapis.com/auth/monitoring"
                ],
                "preemptible": true,
                "sandbox_config": [],
                "service_account": "default",
                "shielded_instance_config": [
                  {
                    "enable_integrity_monitoring": true,
                    "enable_secure_boot": false
                  }
                ],
                "tags": [
                  "tl-nam-student1"
                ],
                "taint": [],
                "workload_metadata_config": []
              }
            ],
            "node_locations": [
              "us-central1-a",
              "us-central1-c",
              "us-central1-f"
            ],
            "node_pool": [
              {
                "autoscaling": [],
                "initial_node_count": 2,
                "instance_group_urls": [
                  "https://www.googleapis.com/compute/v1/projects/gcp-gcs-pso/zones/us-central1-c/instanceGroupManagers/gke-tl-nam-student1-default-pool-64c831d8-grp",
                  "https://www.googleapis.com/compute/v1/projects/gcp-gcs-pso/zones/us-central1-a/instanceGroupManagers/gke-tl-nam-student1-default-pool-1dfe4386-grp",
                  "https://www.googleapis.com/compute/v1/projects/gcp-gcs-pso/zones/us-central1-f/instanceGroupManagers/gke-tl-nam-student1-default-pool-957dd04a-grp"
                ],
                "management": [
                  {
                    "auto_repair": false,
                    "auto_upgrade": true
                  }
                ],
                "max_pods_per_node": 0,
                "name": "default-pool",
                "name_prefix": "",
                "node_config": [
                  {
                    "disk_size_gb": 100,
                    "disk_type": "pd-standard",
                    "guest_accelerator": [],
                    "image_type": "COS",
                    "labels": {
                      "name": "tl-nam-student1"
                    },
                    "local_ssd_count": 0,
                    "machine_type": "n1-standard-1",
                    "metadata": {
                      "disable-legacy-endpoints": "true"
                    },
                    "min_cpu_platform": "",
                    "oauth_scopes": [
                      "https://www.googleapis.com/auth/logging.write",
                      "https://www.googleapis.com/auth/monitoring"
                    ],
                    "preemptible": true,
                    "sandbox_config": [],
                    "service_account": "default",
                    "shielded_instance_config": [
                      {
                        "enable_integrity_monitoring": true,
                        "enable_secure_boot": false
                      }
                    ],
                    "tags": [
                      "tl-nam-student1"
                    ],
                    "taint": [],
                    "workload_metadata_config": []
                  }
                ],
                "node_count": 2,
                "upgrade_settings": [],
                "version": "1.14.10-gke.27"
              }
            ],
            "node_version": "1.14.10-gke.27",
            "operation": null,
            "pod_security_policy_config": null,
            "private_cluster_config": [],
            "project": "gcp-gcs-pso",
            "region": null,
            "remove_default_node_pool": null,
            "resource_labels": null,
            "resource_usage_export_config": [],
            "services_ipv4_cidr": "10.31.240.0/20",
            "subnetwork": "projects/gcp-gcs-pso/regions/us-central1/subnetworks/default",
            "timeouts": {
              "create": "30m",
              "delete": null,
              "update": "40m"
            },
            "vertical_pod_autoscaling": [],
            "zone": null
          },
          "private": "eyJlMmJmYjczMC1lY2FhLTExZTYtOGY4OC0zNDM2M2JjN2M0YzAiOnsiY3JlYXRlIjoxODAwMDAwMDAwMDAwLCJkZWxldGUiOjI0MDAwMDAwMDAwMDAsInVwZGF0ZSI6MjQwMDAwMDAwMDAwMH0sInNjaGVtYV92ZXJzaW9uIjoiMSJ9"
        }
      ]
    },
    {
      "mode": "managed",
      "type": "helm_release",
      "name": "local",
      "provider": "provider.helm",
      "instances": [
        {
          "schema_version": 0,
          "attributes": {
            "atomic": false,
            "chart": "./hipster-shop",
            "cleanup_on_fail": false,
            "dependency_update": false,
            "description": null,
            "devel": null,
            "disable_crd_hooks": false,
            "disable_openapi_validation": false,
            "disable_webhooks": false,
            "force_update": false,
            "id": "hipster-shop-1",
            "keyring": null,
            "max_history": 0,
            "metadata": [
              {
                "chart": "hipster-shop",
                "name": "hipster-shop-1",
                "namespace": "default",
                "revision": 1,
                "values": "{}",
                "version": "0.1.0"
              }
            ],
            "name": "hipster-shop-1",
            "namespace": "default",
            "postrender": [],
            "recreate_pods": false,
            "render_subchart_notes": true,
            "replace": false,
            "repository": null,
            "repository_ca_file": null,
            "repository_cert_file": null,
            "repository_key_file": null,
            "repository_password": null,
            "repository_username": null,
            "reset_values": false,
            "reuse_values": false,
            "set": [],
            "set_sensitive": [],
            "set_string": [],
            "skip_crds": false,
            "status": "deployed",
            "timeout": 300,
            "values": null,
            "verify": false,
            "version": "0.1.0",
            "wait": true
          },
          "private": "bnVsbA=="
        }
      ]
    }
  ]
}
